
Microsoft Visual Studio Solution File, Format Version 12.00
Project("{FAE04EC0-301F-11D3-BF4B-00C04F79EFBC}") = "Api", "Api\Api.csproj", "{32C00265-EED8-4908-9126-C468E48BF2B8}"
EndProject
Project("{FAE04EC0-301F-11D3-BF4B-00C04F79EFBC}") = "Domain", "Domain\Domain.csproj", "{004FBB90-6DFD-4493-8461-1F3A7C3E6D87}"
EndProject
Project("{FAE04EC0-301F-11D3-BF4B-00C04F79EFBC}") = "Infrastructure", "Infrastructure\Infrastructure.csproj", "{DDE9A566-D5CF-4189-B937-DC4FEF1889A0}"
EndProject
Project("{FAE04EC0-301F-11D3-BF4B-00C04F79EFBC}") = "Application", "Application\Application.csproj", "{C0A8BB21-30FB-441A-8BF1-39C1194A2524}"
EndProject
Project("{FAE04EC0-301F-11D3-BF4B-00C04F79EFBC}") = "Test", "Test\Test.csproj", "{203A0863-7681-4F22-84DA-83E2D2ED61BC}"
EndProject
Project("{2150E333-8FDC-42A3-9474-1A3956D46DE8}") = "TicketManagement", "TicketManagement", "{E5E1932D-A19A-4287-8AA6-CBE36AE71097}"
EndProject
Project("{2150E333-8FDC-42A3-9474-1A3956D46DE8}") = "Security", "Security", "{B2B43C74-7AFF-44CA-BF76-3B11A408C4EC}"
EndProject
Project("{FAE04EC0-301F-11D3-BF4B-00C04F79EFBC}") = "Security.Api", "Security.Api\Security.Api.csproj", "{439056D8-6C4E-45EF-8353-D8AE3A8B21A2}"
EndProject
Project("{FAE04EC0-301F-11D3-BF4B-00C04F79EFBC}") = "Security.Domain", "Security.Domain\Security.Domain.csproj", "{035D0BE7-3AD9-469A-A2BD-14B1A05B03BB}"
EndProject
Project("{FAE04EC0-301F-11D3-BF4B-00C04F79EFBC}") = "Security.Application", "Security.Application\Security.Application.csproj", "{76CE859E-504D-4FD3-B936-58B6FC5AFB75}"
EndProject
Project("{FAE04EC0-301F-11D3-BF4B-00C04F79EFBC}") = "Security.Infrastructure", "Security.Infrastructure\Security.Infrastructure.csproj", "{E35E27BC-C354-4B7C-9AAB-5A399DE18F4F}"
EndProject
Project("{FAE04EC0-301F-11D3-BF4B-00C04F79EFBC}") = "Security.Test", "Security.Test\Security.Test.csproj", "{D7FB6779-400C-49FF-A453-6719DBF12F99}"
EndProject
Project("{2150E333-8FDC-42A3-9474-1A3956D46DE8}") = "TicketsGateway", "TicketsGateway", "{4337E3AE-9D57-480D-9AEC-A8146955DABB}"
EndProject
Project("{FAE04EC0-301F-11D3-BF4B-00C04F79EFBC}") = "TicketsGateway.Api", "TicketsGateway.Api\TicketsGateway.Api.csproj", "{5E4601F0-9BFB-4038-8DCF-D7B724A062EA}"
EndProject
Project("{FAE04EC0-301F-11D3-BF4B-00C04F79EFBC}") = "TicketsGateway.Application", "TicketsGateway.Application\TicketsGateway.Application.csproj", "{02757C6A-64A7-4601-926F-363646A622D4}"
EndProject
Global
	GlobalSection(SolutionConfigurationPlatforms) = preSolution
		Debug|Any CPU = Debug|Any CPU
		Release|Any CPU = Release|Any CPU
	EndGlobalSection
	GlobalSection(ProjectConfigurationPlatforms) = postSolution
		{32C00265-EED8-4908-9126-C468E48BF2B8}.Debug|Any CPU.ActiveCfg = Debug|Any CPU
		{32C00265-EED8-4908-9126-C468E48BF2B8}.Debug|Any CPU.Build.0 = Debug|Any CPU
		{32C00265-EED8-4908-9126-C468E48BF2B8}.Release|Any CPU.ActiveCfg = Release|Any CPU
		{32C00265-EED8-4908-9126-C468E48BF2B8}.Release|Any CPU.Build.0 = Release|Any CPU
		{004FBB90-6DFD-4493-8461-1F3A7C3E6D87}.Debug|Any CPU.ActiveCfg = Debug|Any CPU
		{004FBB90-6DFD-4493-8461-1F3A7C3E6D87}.Debug|Any CPU.Build.0 = Debug|Any CPU
		{004FBB90-6DFD-4493-8461-1F3A7C3E6D87}.Release|Any CPU.ActiveCfg = Release|Any CPU
		{004FBB90-6DFD-4493-8461-1F3A7C3E6D87}.Release|Any CPU.Build.0 = Release|Any CPU
		{DDE9A566-D5CF-4189-B937-DC4FEF1889A0}.Debug|Any CPU.ActiveCfg = Debug|Any CPU
		{DDE9A566-D5CF-4189-B937-DC4FEF1889A0}.Debug|Any CPU.Build.0 = Debug|Any CPU
		{DDE9A566-D5CF-4189-B937-DC4FEF1889A0}.Release|Any CPU.ActiveCfg = Release|Any CPU
		{DDE9A566-D5CF-4189-B937-DC4FEF1889A0}.Release|Any CPU.Build.0 = Release|Any CPU
		{C0A8BB21-30FB-441A-8BF1-39C1194A2524}.Debug|Any CPU.ActiveCfg = Debug|Any CPU
		{C0A8BB21-30FB-441A-8BF1-39C1194A2524}.Debug|Any CPU.Build.0 = Debug|Any CPU
		{C0A8BB21-30FB-441A-8BF1-39C1194A2524}.Release|Any CPU.ActiveCfg = Release|Any CPU
		{C0A8BB21-30FB-441A-8BF1-39C1194A2524}.Release|Any CPU.Build.0 = Release|Any CPU
		{203A0863-7681-4F22-84DA-83E2D2ED61BC}.Debug|Any CPU.ActiveCfg = Debug|Any CPU
		{203A0863-7681-4F22-84DA-83E2D2ED61BC}.Debug|Any CPU.Build.0 = Debug|Any CPU
		{203A0863-7681-4F22-84DA-83E2D2ED61BC}.Release|Any CPU.ActiveCfg = Release|Any CPU
		{203A0863-7681-4F22-84DA-83E2D2ED61BC}.Release|Any CPU.Build.0 = Release|Any CPU
		{439056D8-6C4E-45EF-8353-D8AE3A8B21A2}.Debug|Any CPU.ActiveCfg = Debug|Any CPU
		{439056D8-6C4E-45EF-8353-D8AE3A8B21A2}.Debug|Any CPU.Build.0 = Debug|Any CPU
		{439056D8-6C4E-45EF-8353-D8AE3A8B21A2}.Release|Any CPU.ActiveCfg = Release|Any CPU
		{439056D8-6C4E-45EF-8353-D8AE3A8B21A2}.Release|Any CPU.Build.0 = Release|Any CPU
		{035D0BE7-3AD9-469A-A2BD-14B1A05B03BB}.Debug|Any CPU.ActiveCfg = Debug|Any CPU
		{035D0BE7-3AD9-469A-A2BD-14B1A05B03BB}.Debug|Any CPU.Build.0 = Debug|Any CPU
		{035D0BE7-3AD9-469A-A2BD-14B1A05B03BB}.Release|Any CPU.ActiveCfg = Release|Any CPU
		{035D0BE7-3AD9-469A-A2BD-14B1A05B03BB}.Release|Any CPU.Build.0 = Release|Any CPU
		{76CE859E-504D-4FD3-B936-58B6FC5AFB75}.Debug|Any CPU.ActiveCfg = Debug|Any CPU
		{76CE859E-504D-4FD3-B936-58B6FC5AFB75}.Debug|Any CPU.Build.0 = Debug|Any CPU
		{76CE859E-504D-4FD3-B936-58B6FC5AFB75}.Release|Any CPU.ActiveCfg = Release|Any CPU
		{76CE859E-504D-4FD3-B936-58B6FC5AFB75}.Release|Any CPU.Build.0 = Release|Any CPU
		{E35E27BC-C354-4B7C-9AAB-5A399DE18F4F}.Debug|Any CPU.ActiveCfg = Debug|Any CPU
		{E35E27BC-C354-4B7C-9AAB-5A399DE18F4F}.Debug|Any CPU.Build.0 = Debug|Any CPU
		{E35E27BC-C354-4B7C-9AAB-5A399DE18F4F}.Release|Any CPU.ActiveCfg = Release|Any CPU
		{E35E27BC-C354-4B7C-9AAB-5A399DE18F4F}.Release|Any CPU.Build.0 = Release|Any CPU
		{D7FB6779-400C-49FF-A453-6719DBF12F99}.Debug|Any CPU.ActiveCfg = Debug|Any CPU
		{D7FB6779-400C-49FF-A453-6719DBF12F99}.Debug|Any CPU.Build.0 = Debug|Any CPU
		{D7FB6779-400C-49FF-A453-6719DBF12F99}.Release|Any CPU.ActiveCfg = Release|Any CPU
		{D7FB6779-400C-49FF-A453-6719DBF12F99}.Release|Any CPU.Build.0 = Release|Any CPU
		{5E4601F0-9BFB-4038-8DCF-D7B724A062EA}.Debug|Any CPU.ActiveCfg = Debug|Any CPU
		{5E4601F0-9BFB-4038-8DCF-D7B724A062EA}.Debug|Any CPU.Build.0 = Debug|Any CPU
		{5E4601F0-9BFB-4038-8DCF-D7B724A062EA}.Release|Any CPU.ActiveCfg = Release|Any CPU
		{5E4601F0-9BFB-4038-8DCF-D7B724A062EA}.Release|Any CPU.Build.0 = Release|Any CPU
		{02757C6A-64A7-4601-926F-363646A622D4}.Debug|Any CPU.ActiveCfg = Debug|Any CPU
		{02757C6A-64A7-4601-926F-363646A622D4}.Debug|Any CPU.Build.0 = Debug|Any CPU
		{02757C6A-64A7-4601-926F-363646A622D4}.Release|Any CPU.ActiveCfg = Release|Any CPU
		{02757C6A-64A7-4601-926F-363646A622D4}.Release|Any CPU.Build.0 = Release|Any CPU
	EndGlobalSection
	GlobalSection(NestedProjects) = preSolution
		{32C00265-EED8-4908-9126-C468E48BF2B8} = {E5E1932D-A19A-4287-8AA6-CBE36AE71097}
		{C0A8BB21-30FB-441A-8BF1-39C1194A2524} = {E5E1932D-A19A-4287-8AA6-CBE36AE71097}
		{004FBB90-6DFD-4493-8461-1F3A7C3E6D87} = {E5E1932D-A19A-4287-8AA6-CBE36AE71097}
		{DDE9A566-D5CF-4189-B937-DC4FEF1889A0} = {E5E1932D-A19A-4287-8AA6-CBE36AE71097}
		{203A0863-7681-4F22-84DA-83E2D2ED61BC} = {E5E1932D-A19A-4287-8AA6-CBE36AE71097}
		{439056D8-6C4E-45EF-8353-D8AE3A8B21A2} = {B2B43C74-7AFF-44CA-BF76-3B11A408C4EC}
		{035D0BE7-3AD9-469A-A2BD-14B1A05B03BB} = {B2B43C74-7AFF-44CA-BF76-3B11A408C4EC}
		{76CE859E-504D-4FD3-B936-58B6FC5AFB75} = {B2B43C74-7AFF-44CA-BF76-3B11A408C4EC}
		{E35E27BC-C354-4B7C-9AAB-5A399DE18F4F} = {B2B43C74-7AFF-44CA-BF76-3B11A408C4EC}
		{D7FB6779-400C-49FF-A453-6719DBF12F99} = {B2B43C74-7AFF-44CA-BF76-3B11A408C4EC}
		{5E4601F0-9BFB-4038-8DCF-D7B724A062EA} = {4337E3AE-9D57-480D-9AEC-A8146955DABB}
		{02757C6A-64A7-4601-926F-363646A622D4} = {4337E3AE-9D57-480D-9AEC-A8146955DABB}
	EndGlobalSection
EndGlobal
